
Microsoft Visual Studio Solution File, Format Version 12.00
# Visual Studio Version 16
VisualStudioVersion = 16.0.29806.167
MinimumVisualStudioVersion = 10.0.40219.1
Project("{FAE04EC0-301F-11D3-BF4B-00C04F79EFBC}") = "Task", "Task.csproj", "{8949829F-B582-4345-B3CC-84DC05A4DCD9}"
EndProject
Global
	GlobalSection(SolutionConfigurationPlatforms) = preSolution
		Debug|Any CPU = Debug|Any CPU
		Release|Any CPU = Release|Any CPU
	EndGlobalSection
	GlobalSection(ProjectConfigurationPlatforms) = postSolution
		{8949829F-B582-4345-B3CC-84DC05A4DCD9}.Debug|Any CPU.ActiveCfg = Debug|Any CPU
		{8949829F-B582-4345-B3CC-84DC05A4DCD9}.Debug|Any CPU.Build.0 = Debug|Any CPU
		{8949829F-B582-4345-B3CC-84DC05A4DCD9}.Release|Any CPU.ActiveCfg = Release|Any CPU
		{8949829F-B582-4345-B3CC-84DC05A4DCD9}.Release|Any CPU.Build.0 = Release|Any CPU
	EndGlobalSection
	GlobalSection(SolutionProperties) = preSolution
		HideSolutionNode = FALSE
	EndGlobalSection
	GlobalSection(ExtensibilityGlobals) = postSolution
		SolutionGuid = {3E86A4E4-E23D-419E-BB77-CE425D40AB62}
	EndGlobalSection
EndGlobal
